// !$*UTF8*$!
{
	archiveVersion = 1;
	classes = {
	};
	objectVersion = 56;
	objects = {

/* Begin PBXBuildFile section */
		65AEFD0C2AA4999400270368 /* TestingProjectApp.swift in Sources */ = {isa = PBXBuildFile; fileRef = 65AEFD0B2AA4999400270368 /* TestingProjectApp.swift */; };
		65AEFD0E2AA4999400270368 /* ContentView.swift in Sources */ = {isa = PBXBuildFile; fileRef = 65AEFD0D2AA4999400270368 /* ContentView.swift */; };
		65AEFD102AA4999500270368 /* Assets.xcassets in Resources */ = {isa = PBXBuildFile; fileRef = 65AEFD0F2AA4999500270368 /* Assets.xcassets */; };
		65AEFD142AA4999500270368 /* Preview Assets.xcassets in Resources */ = {isa = PBXBuildFile; fileRef = 65AEFD132AA4999500270368 /* Preview Assets.xcassets */; };
		65AEFD1E2AA4999500270368 /* TestingProjectTests.swift in Sources */ = {isa = PBXBuildFile; fileRef = 65AEFD1D2AA4999500270368 /* TestingProjectTests.swift */; };
		65AEFD282AA4999500270368 /* TestingProjectUITests.swift in Sources */ = {isa = PBXBuildFile; fileRef = 65AEFD272AA4999500270368 /* TestingProjectUITests.swift */; };
		65AEFD2A2AA4999500270368 /* TestingProjectUITestsLaunchTests.swift in Sources */ = {isa = PBXBuildFile; fileRef = 65AEFD292AA4999500270368 /* TestingProjectUITestsLaunchTests.swift */; };
/* End PBXBuildFile section */

/* Begin PBXContainerItemProxy section */
		65AEFD1A2AA4999500270368 /* PBXContainerItemProxy */ = {
			isa = PBXContainerItemProxy;
			containerPortal = 65AEFD002AA4999400270368 /* Project object */;
			proxyType = 1;
			remoteGlobalIDString = 65AEFD072AA4999400270368;
			remoteInfo = TestingProject;
		};
		65AEFD242AA4999500270368 /* PBXContainerItemProxy */ = {
			isa = PBXContainerItemProxy;
			containerPortal = 65AEFD002AA4999400270368 /* Project object */;
			proxyType = 1;
			remoteGlobalIDString = 65AEFD072AA4999400270368;
			remoteInfo = TestingProject;
		};
/* End PBXContainerItemProxy section */

/* Begin PBXFileReference section */
		65AEFD082AA4999400270368 /* TestingProject.app */ = {isa = PBXFileReference; explicitFileType = wrapper.application; includeInIndex = 0; path = TestingProject.app; sourceTree = BUILT_PRODUCTS_DIR; };
		65AEFD0B2AA4999400270368 /* TestingProjectApp.swift */ = {isa = PBXFileReference; lastKnownFileType = sourcecode.swift; path = TestingProjectApp.swift; sourceTree = "<group>"; };
		65AEFD0D2AA4999400270368 /* ContentView.swift */ = {isa = PBXFileReference; lastKnownFileType = sourcecode.swift; path = ContentView.swift; sourceTree = "<group>"; };
		65AEFD0F2AA4999500270368 /* Assets.xcassets */ = {isa = PBXFileReference; lastKnownFileType = folder.assetcatalog; path = Assets.xcassets; sourceTree = "<group>"; };
		65AEFD112AA4999500270368 /* TestingProject.entitlements */ = {isa = PBXFileReference; lastKnownFileType = text.plist.entitlements; path = TestingProject.entitlements; sourceTree = "<group>"; };
		65AEFD132AA4999500270368 /* Preview Assets.xcassets */ = {isa = PBXFileReference; lastKnownFileType = folder.assetcatalog; path = "Preview Assets.xcassets"; sourceTree = "<group>"; };
		65AEFD192AA4999500270368 /* TestingProjectTests.xctest */ = {isa = PBXFileReference; explicitFileType = wrapper.cfbundle; includeInIndex = 0; path = TestingProjectTests.xctest; sourceTree = BUILT_PRODUCTS_DIR; };
		65AEFD1D2AA4999500270368 /* TestingProjectTests.swift */ = {isa = PBXFileReference; lastKnownFileType = sourcecode.swift; path = TestingProjectTests.swift; sourceTree = "<group>"; };
		65AEFD232AA4999500270368 /* TestingProjectUITests.xctest */ = {isa = PBXFileReference; explicitFileType = wrapper.cfbundle; includeInIndex = 0; path = TestingProjectUITests.xctest; sourceTree = BUILT_PRODUCTS_DIR; };
		65AEFD272AA4999500270368 /* TestingProjectUITests.swift */ = {isa = PBXFileReference; lastKnownFileType = sourcecode.swift; path = TestingProjectUITests.swift; sourceTree = "<group>"; };
		65AEFD292AA4999500270368 /* TestingProjectUITestsLaunchTests.swift */ = {isa = PBXFileReference; lastKnownFileType = sourcecode.swift; path = TestingProjectUITestsLaunchTests.swift; sourceTree = "<group>"; };
/* End PBXFileReference section */

/* Begin PBXFrameworksBuildPhase section */
		65AEFD052AA4999400270368 /* Frameworks */ = {
			isa = PBXFrameworksBuildPhase;
			buildActionMask = 2147483647;
			files = (
			);
			runOnlyForDeploymentPostprocessing = 0;
		};
		65AEFD162AA4999500270368 /* Frameworks */ = {
			isa = PBXFrameworksBuildPhase;
			buildActionMask = 2147483647;
			files = (
			);
			runOnlyForDeploymentPostprocessing = 0;
		};
		65AEFD202AA4999500270368 /* Frameworks */ = {
			isa = PBXFrameworksBuildPhase;
			buildActionMask = 2147483647;
			files = (
			);
			runOnlyForDeploymentPostprocessing = 0;
		};
/* End PBXFrameworksBuildPhase section */

/* Begin PBXGroup section */
		65AEFCFF2AA4999400270368 = {
			isa = PBXGroup;
			children = (
				65AEFD0A2AA4999400270368 /* TestingProject */,
				65AEFD1C2AA4999500270368 /* TestingProjectTests */,
				65AEFD262AA4999500270368 /* TestingProjectUITests */,
				65AEFD092AA4999400270368 /* Products */,
			);
			sourceTree = "<group>";
		};
		65AEFD092AA4999400270368 /* Products */ = {
			isa = PBXGroup;
			children = (
				65AEFD082AA4999400270368 /* TestingProject.app */,
				65AEFD192AA4999500270368 /* TestingProjectTests.xctest */,
				65AEFD232AA4999500270368 /* TestingProjectUITests.xctest */,
			);
			name = Products;
			sourceTree = "<group>";
		};
		65AEFD0A2AA4999400270368 /* TestingProject */ = {
			isa = PBXGroup;
			children = (
				65AEFD0B2AA4999400270368 /* TestingProjectApp.swift */,
				65AEFD0D2AA4999400270368 /* ContentView.swift */,
				65AEFD0F2AA4999500270368 /* Assets.xcassets */,
				65AEFD112AA4999500270368 /* TestingProject.entitlements */,
				65AEFD122AA4999500270368 /* Preview Content */,
			);
			path = TestingProject;
			sourceTree = "<group>";
		};
		65AEFD122AA4999500270368 /* Preview Content */ = {
			isa = PBXGroup;
			children = (
				65AEFD132AA4999500270368 /* Preview Assets.xcassets */,
			);
			path = "Preview Content";
			sourceTree = "<group>";
		};
		65AEFD1C2AA4999500270368 /* TestingProjectTests */ = {
			isa = PBXGroup;
			children = (
				65AEFD1D2AA4999500270368 /* TestingProjectTests.swift */,
			);
			path = TestingProjectTests;
			sourceTree = "<group>";
		};
		65AEFD262AA4999500270368 /* TestingProjectUITests */ = {
			isa = PBXGroup;
			children = (
				65AEFD272AA4999500270368 /* TestingProjectUITests.swift */,
				65AEFD292AA4999500270368 /* TestingProjectUITestsLaunchTests.swift */,
			);
			path = TestingProjectUITests;
			sourceTree = "<group>";
		};
/* End PBXGroup section */

/* Begin PBXNativeTarget section */
		65AEFD072AA4999400270368 /* TestingProject */ = {
			isa = PBXNativeTarget;
			buildConfigurationList = 65AEFD2D2AA4999500270368 /* Build configuration list for PBXNativeTarget "TestingProject" */;
			buildPhases = (
				65AEFD042AA4999400270368 /* Sources */,
				65AEFD052AA4999400270368 /* Frameworks */,
				65AEFD062AA4999400270368 /* Resources */,
			);
			buildRules = (
			);
			dependencies = (
			);
			name = TestingProject;
			productName = TestingProject;
			productReference = 65AEFD082AA4999400270368 /* TestingProject.app */;
			productType = "com.apple.product-type.application";
		};
		65AEFD182AA4999500270368 /* TestingProjectTests */ = {
			isa = PBXNativeTarget;
			buildConfigurationList = 65AEFD302AA4999500270368 /* Build configuration list for PBXNativeTarget "TestingProjectTests" */;
			buildPhases = (
				65AEFD152AA4999500270368 /* Sources */,
				65AEFD162AA4999500270368 /* Frameworks */,
				65AEFD172AA4999500270368 /* Resources */,
			);
			buildRules = (
			);
			dependencies = (
				65AEFD1B2AA4999500270368 /* PBXTargetDependency */,
			);
			name = TestingProjectTests;
			productName = TestingProjectTests;
			productReference = 65AEFD192AA4999500270368 /* TestingProjectTests.xctest */;
			productType = "com.apple.product-type.bundle.unit-test";
		};
		65AEFD222AA4999500270368 /* TestingProjectUITests */ = {
			isa = PBXNativeTarget;
			buildConfigurationList = 65AEFD332AA4999500270368 /* Build configuration list for PBXNativeTarget "TestingProjectUITests" */;
			buildPhases = (
				65AEFD1F2AA4999500270368 /* Sources */,
				65AEFD202AA4999500270368 /* Frameworks */,
				65AEFD212AA4999500270368 /* Resources */,
			);
			buildRules = (
			);
			dependencies = (
				65AEFD252AA4999500270368 /* PBXTargetDependency */,
			);
			name = TestingProjectUITests;
			productName = TestingProjectUITests;
			productReference = 65AEFD232AA4999500270368 /* TestingProjectUITests.xctest */;
			productType = "com.apple.product-type.bundle.ui-testing";
		};
/* End PBXNativeTarget section */

/* Begin PBXProject section */
		65AEFD002AA4999400270368 /* Project object */ = {
			isa = PBXProject;
			attributes = {
				BuildIndependentTargetsInParallel = 1;
				LastSwiftUpdateCheck = 1500;
				LastUpgradeCheck = 1500;
				TargetAttributes = {
					65AEFD072AA4999400270368 = {
						CreatedOnToolsVersion = 15.0;
					};
					65AEFD182AA4999500270368 = {
						CreatedOnToolsVersion = 15.0;
						TestTargetID = 65AEFD072AA4999400270368;
					};
					65AEFD222AA4999500270368 = {
						CreatedOnToolsVersion = 15.0;
						TestTargetID = 65AEFD072AA4999400270368;
					};
				};
			};
			buildConfigurationList = 65AEFD032AA4999400270368 /* Build configuration list for PBXProject "TestingProject" */;
			compatibilityVersion = "Xcode 14.0";
			developmentRegion = en;
			hasScannedForEncodings = 0;
			knownRegions = (
				en,
				Base,
			);
			mainGroup = 65AEFCFF2AA4999400270368;
			productRefGroup = 65AEFD092AA4999400270368 /* Products */;
			projectDirPath = "";
			projectRoot = "";
			targets = (
				65AEFD072AA4999400270368 /* TestingProject */,
				65AEFD182AA4999500270368 /* TestingProjectTests */,
				65AEFD222AA4999500270368 /* TestingProjectUITests */,
			);
		};
/* End PBXProject section */

/* Begin PBXResourcesBuildPhase section */
		65AEFD062AA4999400270368 /* Resources */ = {
			isa = PBXResourcesBuildPhase;
			buildActionMask = 2147483647;
			files = (
				65AEFD142AA4999500270368 /* Preview Assets.xcassets in Resources */,
				65AEFD102AA4999500270368 /* Assets.xcassets in Resources */,
			);
			runOnlyForDeploymentPostprocessing = 0;
		};
		65AEFD172AA4999500270368 /* Resources */ = {
			isa = PBXResourcesBuildPhase;
			buildActionMask = 2147483647;
			files = (
			);
			runOnlyForDeploymentPostprocessing = 0;
		};
		65AEFD212AA4999500270368 /* Resources */ = {
			isa = PBXResourcesBuildPhase;
			buildActionMask = 2147483647;
			files = (
			);
			runOnlyForDeploymentPostprocessing = 0;
		};
/* End PBXResourcesBuildPhase section */

/* Begin PBXSourcesBuildPhase section */
		65AEFD042AA4999400270368 /* Sources */ = {
			isa = PBXSourcesBuildPhase;
			buildActionMask = 2147483647;
			files = (
				65AEFD0E2AA4999400270368 /* ContentView.swift in Sources */,
				65AEFD0C2AA4999400270368 /* TestingProjectApp.swift in Sources */,
			);
			runOnlyForDeploymentPostprocessing = 0;
		};
		65AEFD152AA4999500270368 /* Sources */ = {
			isa = PBXSourcesBuildPhase;
			buildActionMask = 2147483647;
			files = (
				65AEFD1E2AA4999500270368 /* TestingProjectTests.swift in Sources */,
			);
			runOnlyForDeploymentPostprocessing = 0;
		};
		65AEFD1F2AA4999500270368 /* Sources */ = {
			isa = PBXSourcesBuildPhase;
			buildActionMask = 2147483647;
			files = (
				65AEFD282AA4999500270368 /* TestingProjectUITests.swift in Sources */,
				65AEFD2A2AA4999500270368 /* TestingProjectUITestsLaunchTests.swift in Sources */,
			);
			runOnlyForDeploymentPostprocessing = 0;
		};
/* End PBXSourcesBuildPhase section */

/* Begin PBXTargetDependency section */
		65AEFD1B2AA4999500270368 /* PBXTargetDependency */ = {
			isa = PBXTargetDependency;
			target = 65AEFD072AA4999400270368 /* TestingProject */;
			targetProxy = 65AEFD1A2AA4999500270368 /* PBXContainerItemProxy */;
		};
		65AEFD252AA4999500270368 /* PBXTargetDependency */ = {
			isa = PBXTargetDependency;
			target = 65AEFD072AA4999400270368 /* TestingProject */;
			targetProxy = 65AEFD242AA4999500270368 /* PBXContainerItemProxy */;
		};
/* End PBXTargetDependency section */

/* Begin XCBuildConfiguration section */
		65AEFD2B2AA4999500270368 /* Debug */ = {
			isa = XCBuildConfiguration;
			buildSettings = {
				ALWAYS_SEARCH_USER_PATHS = NO;
				ASSETCATALOG_COMPILER_GENERATE_SWIFT_ASSET_SYMBOL_EXTENSIONS = YES;
				CLANG_ANALYZER_NONNULL = YES;
				CLANG_ANALYZER_NUMBER_OBJECT_CONVERSION = YES_AGGRESSIVE;
				CLANG_CXX_LANGUAGE_STANDARD = "gnu++20";
				CLANG_ENABLE_MODULES = YES;
				CLANG_ENABLE_OBJC_ARC = YES;
				CLANG_ENABLE_OBJC_WEAK = YES;
				CLANG_WARN_BLOCK_CAPTURE_AUTORELEASING = YES;
				CLANG_WARN_BOOL_CONVERSION = YES;
				CLANG_WARN_COMMA = YES;
				CLANG_WARN_CONSTANT_CONVERSION = YES;
				CLANG_WARN_DEPRECATED_OBJC_IMPLEMENTATIONS = YES;
				CLANG_WARN_DIRECT_OBJC_ISA_USAGE = YES_ERROR;
				CLANG_WARN_DOCUMENTATION_COMMENTS = YES;
				CLANG_WARN_EMPTY_BODY = YES;
				CLANG_WARN_ENUM_CONVERSION = YES;
				CLANG_WARN_INFINITE_RECURSION = YES;
				CLANG_WARN_INT_CONVERSION = YES;
				CLANG_WARN_NON_LITERAL_NULL_CONVERSION = YES;
				CLANG_WARN_OBJC_IMPLICIT_RETAIN_SELF = YES;
				CLANG_WARN_OBJC_LITERAL_CONVERSION = YES;
				CLANG_WARN_OBJC_ROOT_CLASS = YES_ERROR;
				CLANG_WARN_QUOTED_INCLUDE_IN_FRAMEWORK_HEADER = YES;
				CLANG_WARN_RANGE_LOOP_ANALYSIS = YES;
				CLANG_WARN_STRICT_PROTOTYPES = YES;
				CLANG_WARN_SUSPICIOUS_MOVE = YES;
				CLANG_WARN_UNGUARDED_AVAILABILITY = YES_AGGRESSIVE;
				CLANG_WARN_UNREACHABLE_CODE = YES;
				CLANG_WARN__DUPLICATE_METHOD_MATCH = YES;
				COPY_PHASE_STRIP = NO;
				DEBUG_INFORMATION_FORMAT = dwarf;
				ENABLE_STRICT_OBJC_MSGSEND = YES;
				ENABLE_TESTABILITY = YES;
				ENABLE_USER_SCRIPT_SANDBOXING = YES;
				GCC_C_LANGUAGE_STANDARD = gnu17;
				GCC_DYNAMIC_NO_PIC = NO;
				GCC_NO_COMMON_BLOCKS = YES;
				GCC_OPTIMIZATION_LEVEL = 0;
				GCC_PREPROCESSOR_DEFINITIONS = (
					"DEBUG=1",
					"$(inherited)",
				);
				GCC_WARN_64_TO_32_BIT_CONVERSION = YES;
				GCC_WARN_ABOUT_RETURN_TYPE = YES_ERROR;
				GCC_WARN_UNDECLARED_SELECTOR = YES;
				GCC_WARN_UNINITIALIZED_AUTOS = YES_AGGRESSIVE;
				GCC_WARN_UNUSED_FUNCTION = YES;
				GCC_WARN_UNUSED_VARIABLE = YES;
				LOCALIZATION_PREFERS_STRING_CATALOGS = YES;
				MTL_ENABLE_DEBUG_INFO = INCLUDE_SOURCE;
				MTL_FAST_MATH = YES;
				ONLY_ACTIVE_ARCH = YES;
				SWIFT_ACTIVE_COMPILATION_CONDITIONS = "DEBUG $(inherited)";
				SWIFT_OPTIMIZATION_LEVEL = "-Onone";
			};
			name = Debug;
		};
		65AEFD2C2AA4999500270368 /* Release */ = {
			isa = XCBuildConfiguration;
			buildSettings = {
				ALWAYS_SEARCH_USER_PATHS = NO;
				ASSETCATALOG_COMPILER_GENERATE_SWIFT_ASSET_SYMBOL_EXTENSIONS = YES;
				CLANG_ANALYZER_NONNULL = YES;
				CLANG_ANALYZER_NUMBER_OBJECT_CONVERSION = YES_AGGRESSIVE;
				CLANG_CXX_LANGUAGE_STANDARD = "gnu++20";
				CLANG_ENABLE_MODULES = YES;
				CLANG_ENABLE_OBJC_ARC = YES;
				CLANG_ENABLE_OBJC_WEAK = YES;
				CLANG_WARN_BLOCK_CAPTURE_AUTORELEASING = YES;
				CLANG_WARN_BOOL_CONVERSION = YES;
				CLANG_WARN_COMMA = YES;
				CLANG_WARN_CONSTANT_CONVERSION = YES;
				CLANG_WARN_DEPRECATED_OBJC_IMPLEMENTATIONS = YES;
				CLANG_WARN_DIRECT_OBJC_ISA_USAGE = YES_ERROR;
				CLANG_WARN_DOCUMENTATION_COMMENTS = YES;
				CLANG_WARN_EMPTY_BODY = YES;
				CLANG_WARN_ENUM_CONVERSION = YES;
				CLANG_WARN_INFINITE_RECURSION = YES;
				CLANG_WARN_INT_CONVERSION = YES;
				CLANG_WARN_NON_LITERAL_NULL_CONVERSION = YES;
				CLANG_WARN_OBJC_IMPLICIT_RETAIN_SELF = YES;
				CLANG_WARN_OBJC_LITERAL_CONVERSION = YES;
				CLANG_WARN_OBJC_ROOT_CLASS = YES_ERROR;
				CLANG_WARN_QUOTED_INCLUDE_IN_FRAMEWORK_HEADER = YES;
				CLANG_WARN_RANGE_LOOP_ANALYSIS = YES;
				CLANG_WARN_STRICT_PROTOTYPES = YES;
				CLANG_WARN_SUSPICIOUS_MOVE = YES;
				CLANG_WARN_UNGUARDED_AVAILABILITY = YES_AGGRESSIVE;
				CLANG_WARN_UNREACHABLE_CODE = YES;
				CLANG_WARN__DUPLICATE_METHOD_MATCH = YES;
				COPY_PHASE_STRIP = NO;
				DEBUG_INFORMATION_FORMAT = "dwarf-with-dsym";
				ENABLE_NS_ASSERTIONS = NO;
				ENABLE_STRICT_OBJC_MSGSEND = YES;
				ENABLE_USER_SCRIPT_SANDBOXING = YES;
				GCC_C_LANGUAGE_STANDARD = gnu17;
				GCC_NO_COMMON_BLOCKS = YES;
				GCC_WARN_64_TO_32_BIT_CONVERSION = YES;
				GCC_WARN_ABOUT_RETURN_TYPE = YES_ERROR;
				GCC_WARN_UNDECLARED_SELECTOR = YES;
				GCC_WARN_UNINITIALIZED_AUTOS = YES_AGGRESSIVE;
				GCC_WARN_UNUSED_FUNCTION = YES;
				GCC_WARN_UNUSED_VARIABLE = YES;
				LOCALIZATION_PREFERS_STRING_CATALOGS = YES;
				MTL_ENABLE_DEBUG_INFO = NO;
				MTL_FAST_MATH = YES;
				SWIFT_COMPILATION_MODE = wholemodule;
			};
			name = Release;
		};
		65AEFD2E2AA4999500270368 /* Debug */ = {
			isa = XCBuildConfiguration;
			buildSettings = {
				ASSETCATALOG_COMPILER_APPICON_NAME = AppIcon;
				ASSETCATALOG_COMPILER_GLOBAL_ACCENT_COLOR_NAME = AccentColor;
				CODE_SIGN_ENTITLEMENTS = TestingProject/TestingProject.entitlements;
				CODE_SIGN_STYLE = Automatic;
				CURRENT_PROJECT_VERSION = 1;
				DEVELOPMENT_ASSET_PATHS = "\"TestingProject/Preview Content\"";
				ENABLE_PREVIEWS = YES;
				GENERATE_INFOPLIST_FILE = YES;
				"INFOPLIST_KEY_UIApplicationSceneManifest_Generation[sdk=iphoneos*]" = YES;
				"INFOPLIST_KEY_UIApplicationSceneManifest_Generation[sdk=iphonesimulator*]" = YES;
				"INFOPLIST_KEY_UIApplicationSupportsIndirectInputEvents[sdk=iphoneos*]" = YES;
				"INFOPLIST_KEY_UIApplicationSupportsIndirectInputEvents[sdk=iphonesimulator*]" = YES;
				"INFOPLIST_KEY_UILaunchScreen_Generation[sdk=iphoneos*]" = YES;
				"INFOPLIST_KEY_UILaunchScreen_Generation[sdk=iphonesimulator*]" = YES;
				"INFOPLIST_KEY_UIStatusBarStyle[sdk=iphoneos*]" = UIStatusBarStyleDefault;
				"INFOPLIST_KEY_UIStatusBarStyle[sdk=iphonesimulator*]" = UIStatusBarStyleDefault;
				INFOPLIST_KEY_UISupportedInterfaceOrientations_iPad = "UIInterfaceOrientationPortrait UIInterfaceOrientationPortraitUpsideDown UIInterfaceOrientationLandscapeLeft UIInterfaceOrientationLandscapeRight";
				INFOPLIST_KEY_UISupportedInterfaceOrientations_iPhone = "UIInterfaceOrientationPortrait UIInterfaceOrientationLandscapeLeft UIInterfaceOrientationLandscapeRight";
				IPHONEOS_DEPLOYMENT_TARGET = 17.0;
				LD_RUNPATH_SEARCH_PATHS = "@executable_path/Frameworks";
				"LD_RUNPATH_SEARCH_PATHS[sdk=macosx*]" = "@executable_path/../Frameworks";
				MACOSX_DEPLOYMENT_TARGET = 13.5;
				MARKETING_VERSION = 1.0;
				PRODUCT_BUNDLE_IDENTIFIER = com.sukarnapaul.TestingProject;
				PRODUCT_NAME = "$(TARGET_NAME)";
				SDKROOT = auto;
				SUPPORTED_PLATFORMS = "iphoneos iphonesimulator macosx";
				SWIFT_EMIT_LOC_STRINGS = YES;
				SWIFT_VERSION = 5.0;
				TARGETED_DEVICE_FAMILY = "1,2";
			};
			name = Debug;
		};
		65AEFD2F2AA4999500270368 /* Release */ = {
			isa = XCBuildConfiguration;
			buildSettings = {
				ASSETCATALOG_COMPILER_APPICON_NAME = AppIcon;
				ASSETCATALOG_COMPILER_GLOBAL_ACCENT_COLOR_NAME = AccentColor;
				CODE_SIGN_ENTITLEMENTS = TestingProject/TestingProject.entitlements;
				CODE_SIGN_STYLE = Automatic;
				CURRENT_PROJECT_VERSION = 1;
				DEVELOPMENT_ASSET_PATHS = "\"TestingProject/Preview Content\"";
				ENABLE_PREVIEWS = YES;
				GENERATE_INFOPLIST_FILE = YES;
				"INFOPLIST_KEY_UIApplicationSceneManifest_Generation[sdk=iphoneos*]" = YES;
				"INFOPLIST_KEY_UIApplicationSceneManifest_Generation[sdk=iphonesimulator*]" = YES;
				"INFOPLIST_KEY_UIApplicationSupportsIndirectInputEvents[sdk=iphoneos*]" = YES;
				"INFOPLIST_KEY_UIApplicationSupportsIndirectInputEvents[sdk=iphonesimulator*]" = YES;
				"INFOPLIST_KEY_UILaunchScreen_Generation[sdk=iphoneos*]" = YES;
				"INFOPLIST_KEY_UILaunchScreen_Generation[sdk=iphonesimulator*]" = YES;
				"INFOPLIST_KEY_UIStatusBarStyle[sdk=iphoneos*]" = UIStatusBarStyleDefault;
				"INFOPLIST_KEY_UIStatusBarStyle[sdk=iphonesimulator*]" = UIStatusBarStyleDefault;
				INFOPLIST_KEY_UISupportedInterfaceOrientations_iPad = "UIInterfaceOrientationPortrait UIInterfaceOrientationPortraitUpsideDown UIInterfaceOrientationLandscapeLeft UIInterfaceOrientationLandscapeRight";
				INFOPLIST_KEY_UISupportedInterfaceOrientations_iPhone = "UIInterfaceOrientationPortrait UIInterfaceOrientationLandscapeLeft UIInterfaceOrientationLandscapeRight";
				IPHONEOS_DEPLOYMENT_TARGET = 17.0;
				LD_RUNPATH_SEARCH_PATHS = "@executable_path/Frameworks";
				"LD_RUNPATH_SEARCH_PATHS[sdk=macosx*]" = "@executable_path/../Frameworks";
				MACOSX_DEPLOYMENT_TARGET = 13.5;
				MARKETING_VERSION = 1.0;
				PRODUCT_BUNDLE_IDENTIFIER = com.sukarnapaul.TestingProject;
				PRODUCT_NAME = "$(TARGET_NAME)";
				SDKROOT = auto;
				SUPPORTED_PLATFORMS = "iphoneos iphonesimulator macosx";
				SWIFT_EMIT_LOC_STRINGS = YES;
				SWIFT_VERSION = 5.0;
				TARGETED_DEVICE_FAMILY = "1,2";
			};
			name = Release;
		};
		65AEFD312AA4999500270368 /* Debug */ = {
			isa = XCBuildConfiguration;
			buildSettings = {
				ALWAYS_EMBED_SWIFT_STANDARD_LIBRARIES = YES;
				BUNDLE_LOADER = "$(TEST_HOST)";
				CODE_SIGN_STYLE = Automatic;
				CURRENT_PROJECT_VERSION = 1;
				GENERATE_INFOPLIST_FILE = YES;
				IPHONEOS_DEPLOYMENT_TARGET = 17.0;
				MACOSX_DEPLOYMENT_TARGET = 13.5;
				MARKETING_VERSION = 1.0;
				PRODUCT_BUNDLE_IDENTIFIER = com.sukarnapaul.TestingProjectTests;
				PRODUCT_NAME = "$(TARGET_NAME)";
				SDKROOT = auto;
				SUPPORTED_PLATFORMS = "iphoneos iphonesimulator macosx";
				SWIFT_EMIT_LOC_STRINGS = NO;
				SWIFT_VERSION = 5.0;
				TARGETED_DEVICE_FAMILY = "1,2";
				TEST_HOST = "$(BUILT_PRODUCTS_DIR)/TestingProject.app/$(BUNDLE_EXECUTABLE_FOLDER_PATH)/TestingProject";
			};
			name = Debug;
		};
		65AEFD322AA4999500270368 /* Release */ = {
			isa = XCBuildConfiguration;
			buildSettings = {
				ALWAYS_EMBED_SWIFT_STANDARD_LIBRARIES = YES;
				BUNDLE_LOADER = "$(TEST_HOST)";
				CODE_SIGN_STYLE = Automatic;
				CURRENT_PROJECT_VERSION = 1;
				GENERATE_INFOPLIST_FILE = YES;
				IPHONEOS_DEPLOYMENT_TARGET = 17.0;
				MACOSX_DEPLOYMENT_TARGET = 13.5;
				MARKETING_VERSION = 1.0;
				PRODUCT_BUNDLE_IDENTIFIER = com.sukarnapaul.TestingProjectTests;
				PRODUCT_NAME = "$(TARGET_NAME)";
				SDKROOT = auto;
				SUPPORTED_PLATFORMS = "iphoneos iphonesimulator macosx";
				SWIFT_EMIT_LOC_STRINGS = NO;
				SWIFT_VERSION = 5.0;
				TARGETED_DEVICE_FAMILY = "1,2";
				TEST_HOST = "$(BUILT_PRODUCTS_DIR)/TestingProject.app/$(BUNDLE_EXECUTABLE_FOLDER_PATH)/TestingProject";
			};
			name = Release;
		};
		65AEFD342AA4999500270368 /* Debug */ = {
			isa = XCBuildConfiguration;
			buildSettings = {
				ALWAYS_EMBED_SWIFT_STANDARD_LIBRARIES = YES;
				CODE_SIGN_STYLE = Automatic;
				CURRENT_PROJECT_VERSION = 1;
				GENERATE_INFOPLIST_FILE = YES;
				IPHONEOS_DEPLOYMENT_TARGET = 17.0;
				MACOSX_DEPLOYMENT_TARGET = 13.5;
				MARKETING_VERSION = 1.0;
				PRODUCT_BUNDLE_IDENTIFIER = com.sukarnapaul.TestingProjectUITests;
				PRODUCT_NAME = "$(TARGET_NAME)";
				SDKROOT = auto;
				SUPPORTED_PLATFORMS = "iphoneos iphonesimulator macosx";
				SWIFT_EMIT_LOC_STRINGS = NO;
				SWIFT_VERSION = 5.0;
				TARGETED_DEVICE_FAMILY = "1,2";
				TEST_TARGET_NAME = TestingProject;
			};
			name = Debug;
		};
		65AEFD352AA4999500270368 /* Release */ = {
			isa = XCBuildConfiguration;
			buildSettings = {
				ALWAYS_EMBED_SWIFT_STANDARD_LIBRARIES = YES;
				CODE_SIGN_STYLE = Automatic;
				CURRENT_PROJECT_VERSION = 1;
				GENERATE_INFOPLIST_FILE = YES;
				IPHONEOS_DEPLOYMENT_TARGET = 17.0;
				MACOSX_DEPLOYMENT_TARGET = 13.5;
				MARKETING_VERSION = 1.0;
				PRODUCT_BUNDLE_IDENTIFIER = com.sukarnapaul.TestingProjectUITests;
				PRODUCT_NAME = "$(TARGET_NAME)";
				SDKROOT = auto;
				SUPPORTED_PLATFORMS = "iphoneos iphonesimulator macosx";
				SWIFT_EMIT_LOC_STRINGS = NO;
				SWIFT_VERSION = 5.0;
				TARGETED_DEVICE_FAMILY = "1,2";
				TEST_TARGET_NAME = TestingProject;
			};
			name = Release;
		};
/* End XCBuildConfiguration section */

/* Begin XCConfigurationList section */
		65AEFD032AA4999400270368 /* Build configuration list for PBXProject "TestingProject" */ = {
			isa = XCConfigurationList;
			buildConfigurations = (
				65AEFD2B2AA4999500270368 /* Debug */,
				65AEFD2C2AA4999500270368 /* Release */,
			);
			defaultConfigurationIsVisible = 0;
			defaultConfigurationName = Release;
		};
		65AEFD2D2AA4999500270368 /* Build configuration list for PBXNativeTarget "TestingProject" */ = {
			isa = XCConfigurationList;
			buildConfigurations = (
				65AEFD2E2AA4999500270368 /* Debug */,
				65AEFD2F2AA4999500270368 /* Release */,
			);
			defaultConfigurationIsVisible = 0;
			defaultConfigurationName = Release;
		};
		65AEFD302AA4999500270368 /* Build configuration list for PBXNativeTarget "TestingProjectTests" */ = {
			isa = XCConfigurationList;
			buildConfigurations = (
				65AEFD312AA4999500270368 /* Debug */,
				65AEFD322AA4999500270368 /* Release */,
			);
			defaultConfigurationIsVisible = 0;
			defaultConfigurationName = Release;
		};
		65AEFD332AA4999500270368 /* Build configuration list for PBXNativeTarget "TestingProjectUITests" */ = {
			isa = XCConfigurationList;
			buildConfigurations = (
				65AEFD342AA4999500270368 /* Debug */,
				65AEFD352AA4999500270368 /* Release */,
			);
			defaultConfigurationIsVisible = 0;
			defaultConfigurationName = Release;
		};
/* End XCConfigurationList section */
	};
	rootObject = 65AEFD002AA4999400270368 /* Project object */;
}
